// !$*UTF8*$!
{
	archiveVersion = 1;
	classes = {
	};
	objectVersion = 45;
	objects = {

/* Begin PBXBuildFile section */
		8D5B49B0048680CD000E48DA /* InfoPlist.strings in Resources */ = {isa = PBXBuildFile; fileRef = 089C167DFE841241C02AAC07 /* InfoPlist.strings */; };
		8D5B49B4048680CD000E48DA /* Cocoa.framework in Frameworks */ = {isa = PBXBuildFile; fileRef = 1058C7ADFEA557BF11CA2CBB /* Cocoa.framework */; };
		C410826D11D075BC003C48E3 /* Analyze.xib in Resources */ = {isa = PBXBuildFile; fileRef = C410826C11D075BC003C48E3 /* Analyze.xib */; };
		C410827C11D0795A003C48E3 /* AnalyzeWindowController.m in Sources */ = {isa = PBXBuildFile; fileRef = C410827B11D0795A003C48E3 /* AnalyzeWindowController.m */; };
		C4161E8F11D7E3DB00340BD5 /* QueryView.xib in Resources */ = {isa = PBXBuildFile; fileRef = C4161E8E11D7E3DB00340BD5 /* QueryView.xib */; };
		C4161E9411D7E53900340BD5 /* QueryViewController.m in Sources */ = {isa = PBXBuildFile; fileRef = C4161E9311D7E53900340BD5 /* QueryViewController.m */; };
		C420876E11D467C2000F9FEB /* HeaderViewController.m in Sources */ = {isa = PBXBuildFile; fileRef = C420876D11D467C2000F9FEB /* HeaderViewController.m */; };
		C420877011D46841000F9FEB /* HeaderView.xib in Resources */ = {isa = PBXBuildFile; fileRef = C420876F11D46841000F9FEB /* HeaderView.xib */; };
		C45A12DE11CF2A0600D219C4 /* LoadProgressMonitor+HttpSafariPluginWebResourceLoadDelegate.m in Sources */ = {isa = PBXBuildFile; fileRef = C45A12DD11CF2A0600D219C4 /* LoadProgressMonitor+HttpSafariPluginWebResourceLoadDelegate.m */; };
		C45A12E111CF2ADA00D219C4 /* NSObject+HttpSafariPluginSwizzle.m in Sources */ = {isa = PBXBuildFile; fileRef = C45A12E011CF2ADA00D219C4 /* NSObject+HttpSafariPluginSwizzle.m */; };
		C49E506811D727AD000DDCAE /* CookieView.xib in Resources */ = {isa = PBXBuildFile; fileRef = C49E506711D727AD000DDCAE /* CookieView.xib */; };
		C49E506D11D72D2B000DDCAE /* CookieViewController.m in Sources */ = {isa = PBXBuildFile; fileRef = C49E506C11D72D2B000DDCAE /* CookieViewController.m */; };
		C49E507011D72EEB000DDCAE /* HttpSafariCookie.m in Sources */ = {isa = PBXBuildFile; fileRef = C49E506F11D72EEB000DDCAE /* HttpSafariCookie.m */; };
		C4A2315111CD19C90099F6C9 /* HttpSafariPlugin.m in Sources */ = {isa = PBXBuildFile; fileRef = C4A2314E11CD19C90099F6C9 /* HttpSafariPlugin.m */; };
		C4A2315211CD19C90099F6C9 /* JRSwizzle.m in Sources */ = {isa = PBXBuildFile; fileRef = C4A2315011CD19C90099F6C9 /* JRSwizzle.m */; };
		C4A2317C11CD26F30099F6C9 /* WebKit.framework in Frameworks */ = {isa = PBXBuildFile; fileRef = C4A2317B11CD26F30099F6C9 /* WebKit.framework */; };
		C4FD16BD11D6680D003192D8 /* HttpSafariHeader.m in Sources */ = {isa = PBXBuildFile; fileRef = C4FD16BC11D6680D003192D8 /* HttpSafariHeader.m */; };
/* End PBXBuildFile section */

/* Begin PBXFileReference section */
		089C1672FE841209C02AAC07 /* Foundation.framework */ = {isa = PBXFileReference; lastKnownFileType = wrapper.framework; name = Foundation.framework; path = /System/Library/Frameworks/Foundation.framework; sourceTree = "<absolute>"; };
		089C167EFE841241C02AAC07 /* English */ = {isa = PBXFileReference; fileEncoding = 4; lastKnownFileType = text.plist.strings; name = English; path = English.lproj/InfoPlist.strings; sourceTree = "<group>"; };
		089C167FFE841241C02AAC07 /* AppKit.framework */ = {isa = PBXFileReference; lastKnownFileType = wrapper.framework; name = AppKit.framework; path = /System/Library/Frameworks/AppKit.framework; sourceTree = "<absolute>"; };
		1058C7ADFEA557BF11CA2CBB /* Cocoa.framework */ = {isa = PBXFileReference; lastKnownFileType = wrapper.framework; name = Cocoa.framework; path = /System/Library/Frameworks/Cocoa.framework; sourceTree = "<absolute>"; };
		32DBCF630370AF2F00C91783 /* HttpSafari_Prefix.pch */ = {isa = PBXFileReference; fileEncoding = 4; lastKnownFileType = sourcecode.c.h; path = HttpSafari_Prefix.pch; sourceTree = "<group>"; };
		8D5B49B6048680CD000E48DA /* HttpSafari.bundle */ = {isa = PBXFileReference; explicitFileType = wrapper.cfbundle; includeInIndex = 0; path = HttpSafari.bundle; sourceTree = BUILT_PRODUCTS_DIR; };
		8D5B49B7048680CD000E48DA /* Info.plist */ = {isa = PBXFileReference; fileEncoding = 4; lastKnownFileType = text.plist.xml; path = Info.plist; sourceTree = "<group>"; };
		C410826C11D075BC003C48E3 /* Analyze.xib */ = {isa = PBXFileReference; lastKnownFileType = file.xib; path = Analyze.xib; sourceTree = "<group>"; };
		C410827A11D0795A003C48E3 /* AnalyzeWindowController.h */ = {isa = PBXFileReference; fileEncoding = 4; lastKnownFileType = sourcecode.c.h; path = AnalyzeWindowController.h; sourceTree = "<group>"; };
		C410827B11D0795A003C48E3 /* AnalyzeWindowController.m */ = {isa = PBXFileReference; fileEncoding = 4; lastKnownFileType = sourcecode.c.objc; path = AnalyzeWindowController.m; sourceTree = "<group>"; };
		C4161E8E11D7E3DB00340BD5 /* QueryView.xib */ = {isa = PBXFileReference; lastKnownFileType = file.xib; path = QueryView.xib; sourceTree = "<group>"; };
		C4161E9211D7E53900340BD5 /* QueryViewController.h */ = {isa = PBXFileReference; fileEncoding = 4; lastKnownFileType = sourcecode.c.h; path = QueryViewController.h; sourceTree = "<group>"; };
		C4161E9311D7E53900340BD5 /* QueryViewController.m */ = {isa = PBXFileReference; fileEncoding = 4; lastKnownFileType = sourcecode.c.objc; path = QueryViewController.m; sourceTree = "<group>"; };
		C420876C11D467C2000F9FEB /* HeaderViewController.h */ = {isa = PBXFileReference; fileEncoding = 4; lastKnownFileType = sourcecode.c.h; path = HeaderViewController.h; sourceTree = "<group>"; };
		C420876D11D467C2000F9FEB /* HeaderViewController.m */ = {isa = PBXFileReference; fileEncoding = 4; lastKnownFileType = sourcecode.c.objc; path = HeaderViewController.m; sourceTree = "<group>"; };
		C420876F11D46841000F9FEB /* HeaderView.xib */ = {isa = PBXFileReference; lastKnownFileType = file.xib; path = HeaderView.xib; sourceTree = "<group>"; };
		C45A12B611CF254800D219C4 /* Safari.h */ = {isa = PBXFileReference; fileEncoding = 4; lastKnownFileType = sourcecode.c.h; name = Safari.h; path = Classes/Safari.h; sourceTree = "<group>"; };
		C45A12DC11CF2A0600D219C4 /* LoadProgressMonitor+HttpSafariPluginWebResourceLoadDelegate.h */ = {isa = PBXFileReference; fileEncoding = 4; lastKnownFileType = sourcecode.c.h; path = "LoadProgressMonitor+HttpSafariPluginWebResourceLoadDelegate.h"; sourceTree = "<group>"; };
		C45A12DD11CF2A0600D219C4 /* LoadProgressMonitor+HttpSafariPluginWebResourceLoadDelegate.m */ = {isa = PBXFileReference; fileEncoding = 4; lastKnownFileType = sourcecode.c.objc; path = "LoadProgressMonitor+HttpSafariPluginWebResourceLoadDelegate.m"; sourceTree = "<group>"; };
		C45A12DF11CF2ADA00D219C4 /* NSObject+HttpSafariPluginSwizzle.h */ = {isa = PBXFileReference; fileEncoding = 4; lastKnownFileType = sourcecode.c.h; path = "NSObject+HttpSafariPluginSwizzle.h"; sourceTree = "<group>"; };
		C45A12E011CF2ADA00D219C4 /* NSObject+HttpSafariPluginSwizzle.m */ = {isa = PBXFileReference; fileEncoding = 4; lastKnownFileType = sourcecode.c.objc; path = "NSObject+HttpSafariPluginSwizzle.m"; sourceTree = "<group>"; };
		C49E506711D727AD000DDCAE /* CookieView.xib */ = {isa = PBXFileReference; lastKnownFileType = file.xib; path = CookieView.xib; sourceTree = "<group>"; };
		C49E506B11D72D2B000DDCAE /* CookieViewController.h */ = {isa = PBXFileReference; fileEncoding = 4; lastKnownFileType = sourcecode.c.h; path = CookieViewController.h; sourceTree = "<group>"; };
		C49E506C11D72D2B000DDCAE /* CookieViewController.m */ = {isa = PBXFileReference; fileEncoding = 4; lastKnownFileType = sourcecode.c.objc; path = CookieViewController.m; sourceTree = "<group>"; };
		C49E506E11D72EEB000DDCAE /* HttpSafariCookie.h */ = {isa = PBXFileReference; fileEncoding = 4; lastKnownFileType = sourcecode.c.h; path = HttpSafariCookie.h; sourceTree = "<group>"; };
		C49E506F11D72EEB000DDCAE /* HttpSafariCookie.m */ = {isa = PBXFileReference; fileEncoding = 4; lastKnownFileType = sourcecode.c.objc; path = HttpSafariCookie.m; sourceTree = "<group>"; };
		C4A2314D11CD19C90099F6C9 /* HttpSafariPlugin.h */ = {isa = PBXFileReference; fileEncoding = 4; lastKnownFileType = sourcecode.c.h; path = HttpSafariPlugin.h; sourceTree = "<group>"; };
		C4A2314E11CD19C90099F6C9 /* HttpSafariPlugin.m */ = {isa = PBXFileReference; fileEncoding = 4; lastKnownFileType = sourcecode.c.objc; path = HttpSafariPlugin.m; sourceTree = "<group>"; };
		C4A2314F11CD19C90099F6C9 /* JRSwizzle.h */ = {isa = PBXFileReference; fileEncoding = 4; lastKnownFileType = sourcecode.c.h; path = JRSwizzle.h; sourceTree = "<group>"; };
		C4A2315011CD19C90099F6C9 /* JRSwizzle.m */ = {isa = PBXFileReference; fileEncoding = 4; lastKnownFileType = sourcecode.c.objc; path = JRSwizzle.m; sourceTree = "<group>"; };
		C4A2317B11CD26F30099F6C9 /* WebKit.framework */ = {isa = PBXFileReference; lastKnownFileType = wrapper.framework; name = WebKit.framework; path = System/Library/Frameworks/WebKit.framework; sourceTree = SDKROOT; };
		C4FD16BB11D6680D003192D8 /* HttpSafariHeader.h */ = {isa = PBXFileReference; fileEncoding = 4; lastKnownFileType = sourcecode.c.h; path = HttpSafariHeader.h; sourceTree = "<group>"; };
		C4FD16BC11D6680D003192D8 /* HttpSafariHeader.m */ = {isa = PBXFileReference; fileEncoding = 4; lastKnownFileType = sourcecode.c.objc; path = HttpSafariHeader.m; sourceTree = "<group>"; };
		D2F7E65807B2D6F200F64583 /* CoreData.framework */ = {isa = PBXFileReference; lastKnownFileType = wrapper.framework; name = CoreData.framework; path = /System/Library/Frameworks/CoreData.framework; sourceTree = "<absolute>"; };
/* End PBXFileReference section */

/* Begin PBXFrameworksBuildPhase section */
		8D5B49B3048680CD000E48DA /* Frameworks */ = {
			isa = PBXFrameworksBuildPhase;
			buildActionMask = 2147483647;
			files = (
				8D5B49B4048680CD000E48DA /* Cocoa.framework in Frameworks */,
				C4A2317C11CD26F30099F6C9 /* WebKit.framework in Frameworks */,
			);
			runOnlyForDeploymentPostprocessing = 0;
		};
/* End PBXFrameworksBuildPhase section */

/* Begin PBXGroup section */
		089C166AFE841209C02AAC07 /* HttpSafari */ = {
			isa = PBXGroup;
			children = (
				C4A2314C11CD19C90099F6C9 /* Classes */,
				32C88E010371C26100C91783 /* Other Sources */,
				089C167CFE841241C02AAC07 /* Resources */,
				089C1671FE841209C02AAC07 /* Frameworks and Libraries */,
				19C28FB8FE9D52D311CA2CBB /* Products */,
			);
			name = HttpSafari;
			sourceTree = "<group>";
		};
		089C1671FE841209C02AAC07 /* Frameworks and Libraries */ = {
			isa = PBXGroup;
			children = (
				1058C7ACFEA557BF11CA2CBB /* Linked Frameworks */,
				1058C7AEFEA557BF11CA2CBB /* Other Frameworks */,
			);
			name = "Frameworks and Libraries";
			sourceTree = "<group>";
		};
		089C167CFE841241C02AAC07 /* Resources */ = {
			isa = PBXGroup;
			children = (
				8D5B49B7048680CD000E48DA /* Info.plist */,
				089C167DFE841241C02AAC07 /* InfoPlist.strings */,
				C410826C11D075BC003C48E3 /* Analyze.xib */,
				C420876F11D46841000F9FEB /* HeaderView.xib */,
				C49E506711D727AD000DDCAE /* CookieView.xib */,
				C4161E8E11D7E3DB00340BD5 /* QueryView.xib */,
			);
			name = Resources;
			sourceTree = "<group>";
		};
		1058C7ACFEA557BF11CA2CBB /* Linked Frameworks */ = {
			isa = PBXGroup;
			children = (
				1058C7ADFEA557BF11CA2CBB /* Cocoa.framework */,
				C4A2317B11CD26F30099F6C9 /* WebKit.framework */,
			);
			name = "Linked Frameworks";
			sourceTree = "<group>";
		};
		1058C7AEFEA557BF11CA2CBB /* Other Frameworks */ = {
			isa = PBXGroup;
			children = (
				089C167FFE841241C02AAC07 /* AppKit.framework */,
				D2F7E65807B2D6F200F64583 /* CoreData.framework */,
				089C1672FE841209C02AAC07 /* Foundation.framework */,
			);
			name = "Other Frameworks";
			sourceTree = "<group>";
		};
		19C28FB8FE9D52D311CA2CBB /* Products */ = {
			isa = PBXGroup;
			children = (
				8D5B49B6048680CD000E48DA /* HttpSafari.bundle */,
			);
			name = Products;
			sourceTree = "<group>";
		};
		32C88E010371C26100C91783 /* Other Sources */ = {
			isa = PBXGroup;
			children = (
				C45A12B611CF254800D219C4 /* Safari.h */,
				32DBCF630370AF2F00C91783 /* HttpSafari_Prefix.pch */,
			);
			name = "Other Sources";
			sourceTree = "<group>";
		};
		C4A2314C11CD19C90099F6C9 /* Classes */ = {
			isa = PBXGroup;
			children = (
				C4A2314D11CD19C90099F6C9 /* HttpSafariPlugin.h */,
				C4A2314E11CD19C90099F6C9 /* HttpSafariPlugin.m */,
				C4A2314F11CD19C90099F6C9 /* JRSwizzle.h */,
				C4A2315011CD19C90099F6C9 /* JRSwizzle.m */,
				C45A12DC11CF2A0600D219C4 /* LoadProgressMonitor+HttpSafariPluginWebResourceLoadDelegate.h */,
				C45A12DD11CF2A0600D219C4 /* LoadProgressMonitor+HttpSafariPluginWebResourceLoadDelegate.m */,
				C45A12DF11CF2ADA00D219C4 /* NSObject+HttpSafariPluginSwizzle.h */,
				C45A12E011CF2ADA00D219C4 /* NSObject+HttpSafariPluginSwizzle.m */,
				C410827A11D0795A003C48E3 /* AnalyzeWindowController.h */,
				C410827B11D0795A003C48E3 /* AnalyzeWindowController.m */,
				C420876C11D467C2000F9FEB /* HeaderViewController.h */,
				C420876D11D467C2000F9FEB /* HeaderViewController.m */,
				C4FD16BB11D6680D003192D8 /* HttpSafariHeader.h */,
				C4FD16BC11D6680D003192D8 /* HttpSafariHeader.m */,
				C49E506B11D72D2B000DDCAE /* CookieViewController.h */,
				C49E506C11D72D2B000DDCAE /* CookieViewController.m */,
				C49E506E11D72EEB000DDCAE /* HttpSafariCookie.h */,
				C49E506F11D72EEB000DDCAE /* HttpSafariCookie.m */,
				C4161E9211D7E53900340BD5 /* QueryViewController.h */,
				C4161E9311D7E53900340BD5 /* QueryViewController.m */,
			);
			path = Classes;
			sourceTree = "<group>";
		};
/* End PBXGroup section */

/* Begin PBXNativeTarget section */
		8D5B49AC048680CD000E48DA /* HttpSafari */ = {
			isa = PBXNativeTarget;
			buildConfigurationList = 1DEB913A08733D840010E9CD /* Build configuration list for PBXNativeTarget "HttpSafari" */;
			buildPhases = (
				8D5B49AF048680CD000E48DA /* Resources */,
				8D5B49B1048680CD000E48DA /* Sources */,
				8D5B49B3048680CD000E48DA /* Frameworks */,
			);
			buildRules = (
			);
			dependencies = (
			);
			name = HttpSafari;
			productInstallPath = "$(HOME)/Library/Bundles";
			productName = HttpSafari;
			productReference = 8D5B49B6048680CD000E48DA /* HttpSafari.bundle */;
			productType = "com.apple.product-type.bundle";
		};
/* End PBXNativeTarget section */

/* Begin PBXProject section */
		089C1669FE841209C02AAC07 /* Project object */ = {
			isa = PBXProject;
			buildConfigurationList = 1DEB913E08733D840010E9CD /* Build configuration list for PBXProject "HttpSafari" */;
			compatibilityVersion = "Xcode 3.1";
			hasScannedForEncodings = 1;
			mainGroup = 089C166AFE841209C02AAC07 /* HttpSafari */;
			projectDirPath = "";
			projectRoot = "";
			targets = (
				8D5B49AC048680CD000E48DA /* HttpSafari */,
			);
		};
/* End PBXProject section */

/* Begin PBXResourcesBuildPhase section */
		8D5B49AF048680CD000E48DA /* Resources */ = {
			isa = PBXResourcesBuildPhase;
			buildActionMask = 2147483647;
			files = (
				8D5B49B0048680CD000E48DA /* InfoPlist.strings in Resources */,
				C410826D11D075BC003C48E3 /* Analyze.xib in Resources */,
				C420877011D46841000F9FEB /* HeaderView.xib in Resources */,
				C49E506811D727AD000DDCAE /* CookieView.xib in Resources */,
				C4161E8F11D7E3DB00340BD5 /* QueryView.xib in Resources */,
			);
			runOnlyForDeploymentPostprocessing = 0;
		};
/* End PBXResourcesBuildPhase section */

/* Begin PBXSourcesBuildPhase section */
		8D5B49B1048680CD000E48DA /* Sources */ = {
			isa = PBXSourcesBuildPhase;
			buildActionMask = 2147483647;
			files = (
				C4A2315111CD19C90099F6C9 /* HttpSafariPlugin.m in Sources */,
				C4A2315211CD19C90099F6C9 /* JRSwizzle.m in Sources */,
				C45A12DE11CF2A0600D219C4 /* LoadProgressMonitor+HttpSafariPluginWebResourceLoadDelegate.m in Sources */,
				C45A12E111CF2ADA00D219C4 /* NSObject+HttpSafariPluginSwizzle.m in Sources */,
				C410827C11D0795A003C48E3 /* AnalyzeWindowController.m in Sources */,
				C420876E11D467C2000F9FEB /* HeaderViewController.m in Sources */,
				C4FD16BD11D6680D003192D8 /* HttpSafariHeader.m in Sources */,
				C49E506D11D72D2B000DDCAE /* CookieViewController.m in Sources */,
				C49E507011D72EEB000DDCAE /* HttpSafariCookie.m in Sources */,
				C4161E9411D7E53900340BD5 /* QueryViewController.m in Sources */,
			);
			runOnlyForDeploymentPostprocessing = 0;
		};
/* End PBXSourcesBuildPhase section */

/* Begin PBXVariantGroup section */
		089C167DFE841241C02AAC07 /* InfoPlist.strings */ = {
			isa = PBXVariantGroup;
			children = (
				089C167EFE841241C02AAC07 /* English */,
			);
			name = InfoPlist.strings;
			sourceTree = "<group>";
		};
/* End PBXVariantGroup section */

/* Begin XCBuildConfiguration section */
		1DEB913B08733D840010E9CD /* Debug */ = {
			isa = XCBuildConfiguration;
			buildSettings = {
				ALWAYS_SEARCH_USER_PATHS = NO;
				COPY_PHASE_STRIP = NO;
				GCC_DYNAMIC_NO_PIC = NO;
				GCC_ENABLE_FIX_AND_CONTINUE = YES;
				GCC_MODEL_TUNING = G5;
				GCC_OPTIMIZATION_LEVEL = 0;
				GCC_PRECOMPILE_PREFIX_HEADER = YES;
				GCC_PREFIX_HEADER = HttpSafari_Prefix.pch;
				INFOPLIST_FILE = Info.plist;
				INSTALL_PATH = "$(HOME)/Library/Bundles";
				PRODUCT_NAME = HttpSafari;
				WRAPPER_EXTENSION = bundle;
			};
			name = Debug;
		};
		1DEB913C08733D840010E9CD /* Release */ = {
			isa = XCBuildConfiguration;
			buildSettings = {
				ALWAYS_SEARCH_USER_PATHS = NO;
				DEBUG_INFORMATION_FORMAT = "dwarf-with-dsym";
				GCC_MODEL_TUNING = G5;
				GCC_PRECOMPILE_PREFIX_HEADER = YES;
				GCC_PREFIX_HEADER = HttpSafari_Prefix.pch;
				INFOPLIST_FILE = Info.plist;
				INSTALL_PATH = "$(HOME)/Library/Bundles";
				PRODUCT_NAME = HttpSafari;
				WRAPPER_EXTENSION = bundle;
			};
			name = Release;
		};
		1DEB913F08733D840010E9CD /* Debug */ = {
			isa = XCBuildConfiguration;
			buildSettings = {
				ARCHS = "$(ARCHS_STANDARD_32_64_BIT)";
				BUNDLE_LOADER = /Applications/Safari.app/Contents/MacOS/Safari;
				COPY_PHASE_STRIP = YES;
				GCC_C_LANGUAGE_STANDARD = gnu99;
				GCC_OPTIMIZATION_LEVEL = 0;
				GCC_VERSION = com.apple.compilers.llvm.clang.1_0;
				GCC_WARN_ABOUT_RETURN_TYPE = YES;
				GCC_WARN_UNUSED_VARIABLE = YES;
				ONLY_ACTIVE_ARCH = YES;
				OTHER_LDFLAGS = (
					"-undefined",
					suppress,
					"-undefined",
					dynamic_lookup,
				);
				PREBINDING = NO;
				SDKROOT = macosx10.6;
			};
			name = Debug;
		};
		1DEB914008733D840010E9CD /* Release */ = {
			isa = XCBuildConfiguration;
			buildSettings = {
				ARCHS = "$(ARCHS_STANDARD_32_64_BIT)";
				BUNDLE_LOADER = /Applications/Safari.app/Contents/MacOS/Safari;
				COPY_PHASE_STRIP = YES;
				GCC_C_LANGUAGE_STANDARD = gnu99;
				GCC_VERSION = com.apple.compilers.llvm.clang.1_0;
				GCC_WARN_ABOUT_RETURN_TYPE = YES;
				GCC_WARN_UNUSED_VARIABLE = YES;
				ONLY_ACTIVE_ARCH = YES;
				OTHER_LDFLAGS = (
					"-undefined",
					suppress,
					"-undefined",
					dynamic_lookup,
				);
				PREBINDING = NO;
				SDKROOT = macosx10.6;
			};
			name = Release;
		};
/* End XCBuildConfiguration section */

/* Begin XCConfigurationList section */
		1DEB913A08733D840010E9CD /* Build configuration list for PBXNativeTarget "HttpSafari" */ = {
			isa = XCConfigurationList;
			buildConfigurations = (
				1DEB913B08733D840010E9CD /* Debug */,
				1DEB913C08733D840010E9CD /* Release */,
			);
			defaultConfigurationIsVisible = 0;
			defaultConfigurationName = Release;
		};
		1DEB913E08733D840010E9CD /* Build configuration list for PBXProject "HttpSafari" */ = {
			isa = XCConfigurationList;
			buildConfigurations = (
				1DEB913F08733D840010E9CD /* Debug */,
				1DEB914008733D840010E9CD /* Release */,
			);
			defaultConfigurationIsVisible = 0;
			defaultConfigurationName = Release;
		};
/* End XCConfigurationList section */
	};
	rootObject = 089C1669FE841209C02AAC07 /* Project object */;
}
